
Microsoft Visual Studio Solution File, Format Version 12.00
# Visual Studio 14
VisualStudioVersion = 14.0.25123.0
MinimumVisualStudioVersion = 10.0.40219.1
Project("{5173EBCE-B935-462F-B2A7-C04D3810E933}") = "Sitecore.Support.27289", "Sitecore.Support.27289\Sitecore.Support.27289.csproj", "{67B71FDC-B0F9-41D7-8C6D-E10BE150796D}"
EndProject
Global
	GlobalSection(SolutionConfigurationPlatforms) = preSolution
		Debug|Any CPU = Debug|Any CPU
		Release|Any CPU = Release|Any CPU
	EndGlobalSection
	GlobalSection(ProjectConfigurationPlatforms) = postSolution
		{67B71FDC-B0F9-41D7-8C6D-E10BE150796D}.Debug|Any CPU.ActiveCfg = Debug|Any CPU
		{67B71FDC-B0F9-41D7-8C6D-E10BE150796D}.Debug|Any CPU.Build.0 = Debug|Any CPU
		{67B71FDC-B0F9-41D7-8C6D-E10BE150796D}.Release|Any CPU.ActiveCfg = Release|Any CPU
		{67B71FDC-B0F9-41D7-8C6D-E10BE150796D}.Release|Any CPU.Build.0 = Release|Any CPU
	EndGlobalSection
	GlobalSection(SolutionProperties) = preSolution
		HideSolutionNode = FALSE
	EndGlobalSection
EndGlobal
